
Microsoft Visual Studio Solution File, Format Version 12.00
# Visual Studio Version 16
VisualStudioVersion = 16.0.32602.291
MinimumVisualStudioVersion = 10.0.40219.1
Project("{FAE04EC0-301F-11D3-BF4B-00C04F79EFBC}") = "LumberjackFlapjackProject", "LumberjackFlapjackProject\LumberjackFlapjackProject.csproj", "{795FA163-8F13-4384-8BC1-E91C59ABEB82}"
EndProject
Global
	GlobalSection(SolutionConfigurationPlatforms) = preSolution
		Debug|Any CPU = Debug|Any CPU
		Release|Any CPU = Release|Any CPU
	EndGlobalSection
	GlobalSection(ProjectConfigurationPlatforms) = postSolution
		{795FA163-8F13-4384-8BC1-E91C59ABEB82}.Debug|Any CPU.ActiveCfg = Debug|Any CPU
		{795FA163-8F13-4384-8BC1-E91C59ABEB82}.Debug|Any CPU.Build.0 = Debug|Any CPU
		{795FA163-8F13-4384-8BC1-E91C59ABEB82}.Release|Any CPU.ActiveCfg = Release|Any CPU
		{795FA163-8F13-4384-8BC1-E91C59ABEB82}.Release|Any CPU.Build.0 = Release|Any CPU
	EndGlobalSection
	GlobalSection(SolutionProperties) = preSolution
		HideSolutionNode = FALSE
	EndGlobalSection
	GlobalSection(ExtensibilityGlobals) = postSolution
		SolutionGuid = {A4CDB275-98DE-452A-B11D-90E5CF19BBBD}
	EndGlobalSection
EndGlobal
